
Microsoft Visual Studio Solution File, Format Version 12.00
# Visual Studio Version 16
VisualStudioVersion = 16.0.31829.152
MinimumVisualStudioVersion = 10.0.40219.1
Project("{FAE04EC0-301F-11D3-BF4B-00C04F79EFBC}") = "Task_7.2", "Task_7.2\Task_7.2.csproj", "{F17A01E1-7344-46FE-92BE-71BDA2D09EDA}"
EndProject
Global
	GlobalSection(SolutionConfigurationPlatforms) = preSolution
		Debug|Any CPU = Debug|Any CPU
		Release|Any CPU = Release|Any CPU
	EndGlobalSection
	GlobalSection(ProjectConfigurationPlatforms) = postSolution
		{F17A01E1-7344-46FE-92BE-71BDA2D09EDA}.Debug|Any CPU.ActiveCfg = Debug|Any CPU
		{F17A01E1-7344-46FE-92BE-71BDA2D09EDA}.Debug|Any CPU.Build.0 = Debug|Any CPU
		{F17A01E1-7344-46FE-92BE-71BDA2D09EDA}.Release|Any CPU.ActiveCfg = Release|Any CPU
		{F17A01E1-7344-46FE-92BE-71BDA2D09EDA}.Release|Any CPU.Build.0 = Release|Any CPU
	EndGlobalSection
	GlobalSection(SolutionProperties) = preSolution
		HideSolutionNode = FALSE
	EndGlobalSection
	GlobalSection(ExtensibilityGlobals) = postSolution
		SolutionGuid = {22DD4D82-5934-4851-8FFC-A51B545AA8EC}
	EndGlobalSection
EndGlobal
